// !$*UTF8*$!
{
	archiveVersion = 1;
	classes = {
	};
	objectVersion = 56;
	objects = {

/* Begin PBXBuildFile section */
		4891930E2CADA78600CB3390 /* StaggeredGridViewControllerApp.swift in Sources */ = {isa = PBXBuildFile; fileRef = 4891930D2CADA78600CB3390 /* StaggeredGridViewControllerApp.swift */; };
		489193102CADA78600CB3390 /* ContentView.swift in Sources */ = {isa = PBXBuildFile; fileRef = 4891930F2CADA78600CB3390 /* ContentView.swift */; };
		489193122CADA78900CB3390 /* Assets.xcassets in Resources */ = {isa = PBXBuildFile; fileRef = 489193112CADA78900CB3390 /* Assets.xcassets */; };
		489193162CADA78900CB3390 /* Preview Assets.xcassets in Resources */ = {isa = PBXBuildFile; fileRef = 489193152CADA78900CB3390 /* Preview Assets.xcassets */; };
		489193202CADA78900CB3390 /* StaggeredGridViewControllerTests.swift in Sources */ = {isa = PBXBuildFile; fileRef = 4891931F2CADA78900CB3390 /* StaggeredGridViewControllerTests.swift */; };
		4891932A2CADA78900CB3390 /* StaggeredGridViewControllerUITests.swift in Sources */ = {isa = PBXBuildFile; fileRef = 489193292CADA78900CB3390 /* StaggeredGridViewControllerUITests.swift */; };
		4891932C2CADA78900CB3390 /* StaggeredGridViewControllerUITestsLaunchTests.swift in Sources */ = {isa = PBXBuildFile; fileRef = 4891932B2CADA78900CB3390 /* StaggeredGridViewControllerUITestsLaunchTests.swift */; };
/* End PBXBuildFile section */

/* Begin PBXContainerItemProxy section */
		4891931C2CADA78900CB3390 /* PBXContainerItemProxy */ = {
			isa = PBXContainerItemProxy;
			containerPortal = 489193022CADA78500CB3390 /* Project object */;
			proxyType = 1;
			remoteGlobalIDString = 489193092CADA78500CB3390;
			remoteInfo = StaggeredGridViewController;
		};
		489193262CADA78900CB3390 /* PBXContainerItemProxy */ = {
			isa = PBXContainerItemProxy;
			containerPortal = 489193022CADA78500CB3390 /* Project object */;
			proxyType = 1;
			remoteGlobalIDString = 489193092CADA78500CB3390;
			remoteInfo = StaggeredGridViewController;
		};
/* End PBXContainerItemProxy section */

/* Begin PBXFileReference section */
		4891930A2CADA78500CB3390 /* StaggeredGridViewController.app */ = {isa = PBXFileReference; explicitFileType = wrapper.application; includeInIndex = 0; path = StaggeredGridViewController.app; sourceTree = BUILT_PRODUCTS_DIR; };
		4891930D2CADA78600CB3390 /* StaggeredGridViewControllerApp.swift */ = {isa = PBXFileReference; lastKnownFileType = sourcecode.swift; path = StaggeredGridViewControllerApp.swift; sourceTree = "<group>"; };
		4891930F2CADA78600CB3390 /* ContentView.swift */ = {isa = PBXFileReference; lastKnownFileType = sourcecode.swift; path = ContentView.swift; sourceTree = "<group>"; };
		489193112CADA78900CB3390 /* Assets.xcassets */ = {isa = PBXFileReference; lastKnownFileType = folder.assetcatalog; path = Assets.xcassets; sourceTree = "<group>"; };
		489193132CADA78900CB3390 /* StaggeredGridViewController.entitlements */ = {isa = PBXFileReference; lastKnownFileType = text.plist.entitlements; path = StaggeredGridViewController.entitlements; sourceTree = "<group>"; };
		489193152CADA78900CB3390 /* Preview Assets.xcassets */ = {isa = PBXFileReference; lastKnownFileType = folder.assetcatalog; path = "Preview Assets.xcassets"; sourceTree = "<group>"; };
		4891931B2CADA78900CB3390 /* StaggeredGridViewControllerTests.xctest */ = {isa = PBXFileReference; explicitFileType = wrapper.cfbundle; includeInIndex = 0; path = StaggeredGridViewControllerTests.xctest; sourceTree = BUILT_PRODUCTS_DIR; };
		4891931F2CADA78900CB3390 /* StaggeredGridViewControllerTests.swift */ = {isa = PBXFileReference; lastKnownFileType = sourcecode.swift; path = StaggeredGridViewControllerTests.swift; sourceTree = "<group>"; };
		489193252CADA78900CB3390 /* StaggeredGridViewControllerUITests.xctest */ = {isa = PBXFileReference; explicitFileType = wrapper.cfbundle; includeInIndex = 0; path = StaggeredGridViewControllerUITests.xctest; sourceTree = BUILT_PRODUCTS_DIR; };
		489193292CADA78900CB3390 /* StaggeredGridViewControllerUITests.swift */ = {isa = PBXFileReference; lastKnownFileType = sourcecode.swift; path = StaggeredGridViewControllerUITests.swift; sourceTree = "<group>"; };
		4891932B2CADA78900CB3390 /* StaggeredGridViewControllerUITestsLaunchTests.swift */ = {isa = PBXFileReference; lastKnownFileType = sourcecode.swift; path = StaggeredGridViewControllerUITestsLaunchTests.swift; sourceTree = "<group>"; };
/* End PBXFileReference section */

/* Begin PBXFrameworksBuildPhase section */
		489193072CADA78500CB3390 /* Frameworks */ = {
			isa = PBXFrameworksBuildPhase;
			buildActionMask = 2147483647;
			files = (
			);
			runOnlyForDeploymentPostprocessing = 0;
		};
		489193182CADA78900CB3390 /* Frameworks */ = {
			isa = PBXFrameworksBuildPhase;
			buildActionMask = 2147483647;
			files = (
			);
			runOnlyForDeploymentPostprocessing = 0;
		};
		489193222CADA78900CB3390 /* Frameworks */ = {
			isa = PBXFrameworksBuildPhase;
			buildActionMask = 2147483647;
			files = (
			);
			runOnlyForDeploymentPostprocessing = 0;
		};
/* End PBXFrameworksBuildPhase section */

/* Begin PBXGroup section */
		489193012CADA78500CB3390 = {
			isa = PBXGroup;
			children = (
				4891930C2CADA78600CB3390 /* StaggeredGridViewController */,
				4891931E2CADA78900CB3390 /* StaggeredGridViewControllerTests */,
				489193282CADA78900CB3390 /* StaggeredGridViewControllerUITests */,
				4891930B2CADA78500CB3390 /* Products */,
			);
			sourceTree = "<group>";
		};
		4891930B2CADA78500CB3390 /* Products */ = {
			isa = PBXGroup;
			children = (
				4891930A2CADA78500CB3390 /* StaggeredGridViewController.app */,
				4891931B2CADA78900CB3390 /* StaggeredGridViewControllerTests.xctest */,
				489193252CADA78900CB3390 /* StaggeredGridViewControllerUITests.xctest */,
			);
			name = Products;
			sourceTree = "<group>";
		};
		4891930C2CADA78600CB3390 /* StaggeredGridViewController */ = {
			isa = PBXGroup;
			children = (
				4891930D2CADA78600CB3390 /* StaggeredGridViewControllerApp.swift */,
				4891930F2CADA78600CB3390 /* ContentView.swift */,
				489193112CADA78900CB3390 /* Assets.xcassets */,
				489193132CADA78900CB3390 /* StaggeredGridViewController.entitlements */,
				489193142CADA78900CB3390 /* Preview Content */,
			);
			path = StaggeredGridViewController;
			sourceTree = "<group>";
		};
		489193142CADA78900CB3390 /* Preview Content */ = {
			isa = PBXGroup;
			children = (
				489193152CADA78900CB3390 /* Preview Assets.xcassets */,
			);
			path = "Preview Content";
			sourceTree = "<group>";
		};
		4891931E2CADA78900CB3390 /* StaggeredGridViewControllerTests */ = {
			isa = PBXGroup;
			children = (
				4891931F2CADA78900CB3390 /* StaggeredGridViewControllerTests.swift */,
			);
			path = StaggeredGridViewControllerTests;
			sourceTree = "<group>";
		};
		489193282CADA78900CB3390 /* StaggeredGridViewControllerUITests */ = {
			isa = PBXGroup;
			children = (
				489193292CADA78900CB3390 /* StaggeredGridViewControllerUITests.swift */,
				4891932B2CADA78900CB3390 /* StaggeredGridViewControllerUITestsLaunchTests.swift */,
			);
			path = StaggeredGridViewControllerUITests;
			sourceTree = "<group>";
		};
/* End PBXGroup section */

/* Begin PBXNativeTarget section */
		489193092CADA78500CB3390 /* StaggeredGridViewController */ = {
			isa = PBXNativeTarget;
			buildConfigurationList = 4891932F2CADA78900CB3390 /* Build configuration list for PBXNativeTarget "StaggeredGridViewController" */;
			buildPhases = (
				489193062CADA78500CB3390 /* Sources */,
				489193072CADA78500CB3390 /* Frameworks */,
				489193082CADA78500CB3390 /* Resources */,
			);
			buildRules = (
			);
			dependencies = (
			);
			name = StaggeredGridViewController;
			productName = StaggeredGridViewController;
			productReference = 4891930A2CADA78500CB3390 /* StaggeredGridViewController.app */;
			productType = "com.apple.product-type.application";
		};
		4891931A2CADA78900CB3390 /* StaggeredGridViewControllerTests */ = {
			isa = PBXNativeTarget;
			buildConfigurationList = 489193322CADA78900CB3390 /* Build configuration list for PBXNativeTarget "StaggeredGridViewControllerTests" */;
			buildPhases = (
				489193172CADA78900CB3390 /* Sources */,
				489193182CADA78900CB3390 /* Frameworks */,
				489193192CADA78900CB3390 /* Resources */,
			);
			buildRules = (
			);
			dependencies = (
				4891931D2CADA78900CB3390 /* PBXTargetDependency */,
			);
			name = StaggeredGridViewControllerTests;
			productName = StaggeredGridViewControllerTests;
			productReference = 4891931B2CADA78900CB3390 /* StaggeredGridViewControllerTests.xctest */;
			productType = "com.apple.product-type.bundle.unit-test";
		};
		489193242CADA78900CB3390 /* StaggeredGridViewControllerUITests */ = {
			isa = PBXNativeTarget;
			buildConfigurationList = 489193352CADA78900CB3390 /* Build configuration list for PBXNativeTarget "StaggeredGridViewControllerUITests" */;
			buildPhases = (
				489193212CADA78900CB3390 /* Sources */,
				489193222CADA78900CB3390 /* Frameworks */,
				489193232CADA78900CB3390 /* Resources */,
			);
			buildRules = (
			);
			dependencies = (
				489193272CADA78900CB3390 /* PBXTargetDependency */,
			);
			name = StaggeredGridViewControllerUITests;
			productName = StaggeredGridViewControllerUITests;
			productReference = 489193252CADA78900CB3390 /* StaggeredGridViewControllerUITests.xctest */;
			productType = "com.apple.product-type.bundle.ui-testing";
		};
/* End PBXNativeTarget section */

/* Begin PBXProject section */
		489193022CADA78500CB3390 /* Project object */ = {
			isa = PBXProject;
			attributes = {
				BuildIndependentTargetsInParallel = 1;
				LastSwiftUpdateCheck = 1540;
				LastUpgradeCheck = 1540;
				TargetAttributes = {
					489193092CADA78500CB3390 = {
						CreatedOnToolsVersion = 15.4;
					};
					4891931A2CADA78900CB3390 = {
						CreatedOnToolsVersion = 15.4;
						TestTargetID = 489193092CADA78500CB3390;
					};
					489193242CADA78900CB3390 = {
						CreatedOnToolsVersion = 15.4;
						TestTargetID = 489193092CADA78500CB3390;
					};
				};
			};
			buildConfigurationList = 489193052CADA78500CB3390 /* Build configuration list for PBXProject "StaggeredGridViewController" */;
			compatibilityVersion = "Xcode 14.0";
			developmentRegion = en;
			hasScannedForEncodings = 0;
			knownRegions = (
				en,
				Base,
			);
			mainGroup = 489193012CADA78500CB3390;
			productRefGroup = 4891930B2CADA78500CB3390 /* Products */;
			projectDirPath = "";
			projectRoot = "";
			targets = (
				489193092CADA78500CB3390 /* StaggeredGridViewController */,
				4891931A2CADA78900CB3390 /* StaggeredGridViewControllerTests */,
				489193242CADA78900CB3390 /* StaggeredGridViewControllerUITests */,
			);
		};
/* End PBXProject section */

/* Begin PBXResourcesBuildPhase section */
		489193082CADA78500CB3390 /* Resources */ = {
			isa = PBXResourcesBuildPhase;
			buildActionMask = 2147483647;
			files = (
				489193162CADA78900CB3390 /* Preview Assets.xcassets in Resources */,
				489193122CADA78900CB3390 /* Assets.xcassets in Resources */,
			);
			runOnlyForDeploymentPostprocessing = 0;
		};
		489193192CADA78900CB3390 /* Resources */ = {
			isa = PBXResourcesBuildPhase;
			buildActionMask = 2147483647;
			files = (
			);
			runOnlyForDeploymentPostprocessing = 0;
		};
		489193232CADA78900CB3390 /* Resources */ = {
			isa = PBXResourcesBuildPhase;
			buildActionMask = 2147483647;
			files = (
			);
			runOnlyForDeploymentPostprocessing = 0;
		};
/* End PBXResourcesBuildPhase section */

/* Begin PBXSourcesBuildPhase section */
		489193062CADA78500CB3390 /* Sources */ = {
			isa = PBXSourcesBuildPhase;
			buildActionMask = 2147483647;
			files = (
				489193102CADA78600CB3390 /* ContentView.swift in Sources */,
				4891930E2CADA78600CB3390 /* StaggeredGridViewControllerApp.swift in Sources */,
			);
			runOnlyForDeploymentPostprocessing = 0;
		};
		489193172CADA78900CB3390 /* Sources */ = {
			isa = PBXSourcesBuildPhase;
			buildActionMask = 2147483647;
			files = (
				489193202CADA78900CB3390 /* StaggeredGridViewControllerTests.swift in Sources */,
			);
			runOnlyForDeploymentPostprocessing = 0;
		};
		489193212CADA78900CB3390 /* Sources */ = {
			isa = PBXSourcesBuildPhase;
			buildActionMask = 2147483647;
			files = (
				4891932C2CADA78900CB3390 /* StaggeredGridViewControllerUITestsLaunchTests.swift in Sources */,
				4891932A2CADA78900CB3390 /* StaggeredGridViewControllerUITests.swift in Sources */,
			);
			runOnlyForDeploymentPostprocessing = 0;
		};
/* End PBXSourcesBuildPhase section */

/* Begin PBXTargetDependency section */
		4891931D2CADA78900CB3390 /* PBXTargetDependency */ = {
			isa = PBXTargetDependency;
			target = 489193092CADA78500CB3390 /* StaggeredGridViewController */;
			targetProxy = 4891931C2CADA78900CB3390 /* PBXContainerItemProxy */;
		};
		489193272CADA78900CB3390 /* PBXTargetDependency */ = {
			isa = PBXTargetDependency;
			target = 489193092CADA78500CB3390 /* StaggeredGridViewController */;
			targetProxy = 489193262CADA78900CB3390 /* PBXContainerItemProxy */;
		};
/* End PBXTargetDependency section */

/* Begin XCBuildConfiguration section */
		4891932D2CADA78900CB3390 /* Debug */ = {
			isa = XCBuildConfiguration;
			buildSettings = {
				ALWAYS_SEARCH_USER_PATHS = NO;
				ASSETCATALOG_COMPILER_GENERATE_SWIFT_ASSET_SYMBOL_EXTENSIONS = YES;
				CLANG_ANALYZER_NONNULL = YES;
				CLANG_ANALYZER_NUMBER_OBJECT_CONVERSION = YES_AGGRESSIVE;
				CLANG_CXX_LANGUAGE_STANDARD = "gnu++20";
				CLANG_ENABLE_MODULES = YES;
				CLANG_ENABLE_OBJC_ARC = YES;
				CLANG_ENABLE_OBJC_WEAK = YES;
				CLANG_WARN_BLOCK_CAPTURE_AUTORELEASING = YES;
				CLANG_WARN_BOOL_CONVERSION = YES;
				CLANG_WARN_COMMA = YES;
				CLANG_WARN_CONSTANT_CONVERSION = YES;
				CLANG_WARN_DEPRECATED_OBJC_IMPLEMENTATIONS = YES;
				CLANG_WARN_DIRECT_OBJC_ISA_USAGE = YES_ERROR;
				CLANG_WARN_DOCUMENTATION_COMMENTS = YES;
				CLANG_WARN_EMPTY_BODY = YES;
				CLANG_WARN_ENUM_CONVERSION = YES;
				CLANG_WARN_INFINITE_RECURSION = YES;
				CLANG_WARN_INT_CONVERSION = YES;
				CLANG_WARN_NON_LITERAL_NULL_CONVERSION = YES;
				CLANG_WARN_OBJC_IMPLICIT_RETAIN_SELF = YES;
				CLANG_WARN_OBJC_LITERAL_CONVERSION = YES;
				CLANG_WARN_OBJC_ROOT_CLASS = YES_ERROR;
				CLANG_WARN_QUOTED_INCLUDE_IN_FRAMEWORK_HEADER = YES;
				CLANG_WARN_RANGE_LOOP_ANALYSIS = YES;
				CLANG_WARN_STRICT_PROTOTYPES = YES;
				CLANG_WARN_SUSPICIOUS_MOVE = YES;
				CLANG_WARN_UNGUARDED_AVAILABILITY = YES_AGGRESSIVE;
				CLANG_WARN_UNREACHABLE_CODE = YES;
				CLANG_WARN__DUPLICATE_METHOD_MATCH = YES;
				COPY_PHASE_STRIP = NO;
				DEBUG_INFORMATION_FORMAT = dwarf;
				ENABLE_STRICT_OBJC_MSGSEND = YES;
				ENABLE_TESTABILITY = YES;
				ENABLE_USER_SCRIPT_SANDBOXING = YES;
				GCC_C_LANGUAGE_STANDARD = gnu17;
				GCC_DYNAMIC_NO_PIC = NO;
				GCC_NO_COMMON_BLOCKS = YES;
				GCC_OPTIMIZATION_LEVEL = 0;
				GCC_PREPROCESSOR_DEFINITIONS = (
					"DEBUG=1",
					"$(inherited)",
				);
				GCC_WARN_64_TO_32_BIT_CONVERSION = YES;
				GCC_WARN_ABOUT_RETURN_TYPE = YES_ERROR;
				GCC_WARN_UNDECLARED_SELECTOR = YES;
				GCC_WARN_UNINITIALIZED_AUTOS = YES_AGGRESSIVE;
				GCC_WARN_UNUSED_FUNCTION = YES;
				GCC_WARN_UNUSED_VARIABLE = YES;
				LOCALIZATION_PREFERS_STRING_CATALOGS = YES;
				MTL_ENABLE_DEBUG_INFO = INCLUDE_SOURCE;
				MTL_FAST_MATH = YES;
				ONLY_ACTIVE_ARCH = YES;
				SWIFT_ACTIVE_COMPILATION_CONDITIONS = "DEBUG $(inherited)";
				SWIFT_OPTIMIZATION_LEVEL = "-Onone";
			};
			name = Debug;
		};
		4891932E2CADA78900CB3390 /* Release */ = {
			isa = XCBuildConfiguration;
			buildSettings = {
				ALWAYS_SEARCH_USER_PATHS = NO;
				ASSETCATALOG_COMPILER_GENERATE_SWIFT_ASSET_SYMBOL_EXTENSIONS = YES;
				CLANG_ANALYZER_NONNULL = YES;
				CLANG_ANALYZER_NUMBER_OBJECT_CONVERSION = YES_AGGRESSIVE;
				CLANG_CXX_LANGUAGE_STANDARD = "gnu++20";
				CLANG_ENABLE_MODULES = YES;
				CLANG_ENABLE_OBJC_ARC = YES;
				CLANG_ENABLE_OBJC_WEAK = YES;
				CLANG_WARN_BLOCK_CAPTURE_AUTORELEASING = YES;
				CLANG_WARN_BOOL_CONVERSION = YES;
				CLANG_WARN_COMMA = YES;
				CLANG_WARN_CONSTANT_CONVERSION = YES;
				CLANG_WARN_DEPRECATED_OBJC_IMPLEMENTATIONS = YES;
				CLANG_WARN_DIRECT_OBJC_ISA_USAGE = YES_ERROR;
				CLANG_WARN_DOCUMENTATION_COMMENTS = YES;
				CLANG_WARN_EMPTY_BODY = YES;
				CLANG_WARN_ENUM_CONVERSION = YES;
				CLANG_WARN_INFINITE_RECURSION = YES;
				CLANG_WARN_INT_CONVERSION = YES;
				CLANG_WARN_NON_LITERAL_NULL_CONVERSION = YES;
				CLANG_WARN_OBJC_IMPLICIT_RETAIN_SELF = YES;
				CLANG_WARN_OBJC_LITERAL_CONVERSION = YES;
				CLANG_WARN_OBJC_ROOT_CLASS = YES_ERROR;
				CLANG_WARN_QUOTED_INCLUDE_IN_FRAMEWORK_HEADER = YES;
				CLANG_WARN_RANGE_LOOP_ANALYSIS = YES;
				CLANG_WARN_STRICT_PROTOTYPES = YES;
				CLANG_WARN_SUSPICIOUS_MOVE = YES;
				CLANG_WARN_UNGUARDED_AVAILABILITY = YES_AGGRESSIVE;
				CLANG_WARN_UNREACHABLE_CODE = YES;
				CLANG_WARN__DUPLICATE_METHOD_MATCH = YES;
				COPY_PHASE_STRIP = NO;
				DEBUG_INFORMATION_FORMAT = "dwarf-with-dsym";
				ENABLE_NS_ASSERTIONS = NO;
				ENABLE_STRICT_OBJC_MSGSEND = YES;
				ENABLE_USER_SCRIPT_SANDBOXING = YES;
				GCC_C_LANGUAGE_STANDARD = gnu17;
				GCC_NO_COMMON_BLOCKS = YES;
				GCC_WARN_64_TO_32_BIT_CONVERSION = YES;
				GCC_WARN_ABOUT_RETURN_TYPE = YES_ERROR;
				GCC_WARN_UNDECLARED_SELECTOR = YES;
				GCC_WARN_UNINITIALIZED_AUTOS = YES_AGGRESSIVE;
				GCC_WARN_UNUSED_FUNCTION = YES;
				GCC_WARN_UNUSED_VARIABLE = YES;
				LOCALIZATION_PREFERS_STRING_CATALOGS = YES;
				MTL_ENABLE_DEBUG_INFO = NO;
				MTL_FAST_MATH = YES;
				SWIFT_COMPILATION_MODE = wholemodule;
			};
			name = Release;
		};
		489193302CADA78900CB3390 /* Debug */ = {
			isa = XCBuildConfiguration;
			buildSettings = {
				ASSETCATALOG_COMPILER_APPICON_NAME = AppIcon;
				ASSETCATALOG_COMPILER_GLOBAL_ACCENT_COLOR_NAME = AccentColor;
				CODE_SIGN_ENTITLEMENTS = StaggeredGridViewController/StaggeredGridViewController.entitlements;
				CODE_SIGN_STYLE = Automatic;
				CURRENT_PROJECT_VERSION = 1;
				DEVELOPMENT_ASSET_PATHS = "\"StaggeredGridViewController/Preview Content\"";
				DEVELOPMENT_TEAM = J9Q8455K3C;
				ENABLE_HARDENED_RUNTIME = YES;
				ENABLE_PREVIEWS = YES;
				GENERATE_INFOPLIST_FILE = YES;
				"INFOPLIST_KEY_UIApplicationSceneManifest_Generation[sdk=iphoneos*]" = YES;
				"INFOPLIST_KEY_UIApplicationSceneManifest_Generation[sdk=iphonesimulator*]" = YES;
				"INFOPLIST_KEY_UIApplicationSupportsIndirectInputEvents[sdk=iphoneos*]" = YES;
				"INFOPLIST_KEY_UIApplicationSupportsIndirectInputEvents[sdk=iphonesimulator*]" = YES;
				"INFOPLIST_KEY_UILaunchScreen_Generation[sdk=iphoneos*]" = YES;
				"INFOPLIST_KEY_UILaunchScreen_Generation[sdk=iphonesimulator*]" = YES;
				"INFOPLIST_KEY_UIStatusBarStyle[sdk=iphoneos*]" = UIStatusBarStyleDefault;
				"INFOPLIST_KEY_UIStatusBarStyle[sdk=iphonesimulator*]" = UIStatusBarStyleDefault;
				INFOPLIST_KEY_UISupportedInterfaceOrientations_iPad = "UIInterfaceOrientationPortrait UIInterfaceOrientationPortraitUpsideDown UIInterfaceOrientationLandscapeLeft UIInterfaceOrientationLandscapeRight";
				INFOPLIST_KEY_UISupportedInterfaceOrientations_iPhone = "UIInterfaceOrientationPortrait UIInterfaceOrientationLandscapeLeft UIInterfaceOrientationLandscapeRight";
				IPHONEOS_DEPLOYMENT_TARGET = 17.5;
				LD_RUNPATH_SEARCH_PATHS = "@executable_path/Frameworks";
				"LD_RUNPATH_SEARCH_PATHS[sdk=macosx*]" = "@executable_path/../Frameworks";
				MACOSX_DEPLOYMENT_TARGET = 14.5;
				MARKETING_VERSION = 1.0;
				PRODUCT_BUNDLE_IDENTIFIER = ian.castillo.StaggeredGridViewController;
				PRODUCT_NAME = "$(TARGET_NAME)";
				SDKROOT = auto;
				SUPPORTED_PLATFORMS = "iphoneos iphonesimulator macosx";
				SWIFT_EMIT_LOC_STRINGS = YES;
				SWIFT_VERSION = 5.0;
				TARGETED_DEVICE_FAMILY = "1,2";
			};
			name = Debug;
		};
		489193312CADA78900CB3390 /* Release */ = {
			isa = XCBuildConfiguration;
			buildSettings = {
				ASSETCATALOG_COMPILER_APPICON_NAME = AppIcon;
				ASSETCATALOG_COMPILER_GLOBAL_ACCENT_COLOR_NAME = AccentColor;
				CODE_SIGN_ENTITLEMENTS = StaggeredGridViewController/StaggeredGridViewController.entitlements;
				CODE_SIGN_STYLE = Automatic;
				CURRENT_PROJECT_VERSION = 1;
				DEVELOPMENT_ASSET_PATHS = "\"StaggeredGridViewController/Preview Content\"";
				DEVELOPMENT_TEAM = J9Q8455K3C;
				ENABLE_HARDENED_RUNTIME = YES;
				ENABLE_PREVIEWS = YES;
				GENERATE_INFOPLIST_FILE = YES;
				"INFOPLIST_KEY_UIApplicationSceneManifest_Generation[sdk=iphoneos*]" = YES;
				"INFOPLIST_KEY_UIApplicationSceneManifest_Generation[sdk=iphonesimulator*]" = YES;
				"INFOPLIST_KEY_UIApplicationSupportsIndirectInputEvents[sdk=iphoneos*]" = YES;
				"INFOPLIST_KEY_UIApplicationSupportsIndirectInputEvents[sdk=iphonesimulator*]" = YES;
				"INFOPLIST_KEY_UILaunchScreen_Generation[sdk=iphoneos*]" = YES;
				"INFOPLIST_KEY_UILaunchScreen_Generation[sdk=iphonesimulator*]" = YES;
				"INFOPLIST_KEY_UIStatusBarStyle[sdk=iphoneos*]" = UIStatusBarStyleDefault;
				"INFOPLIST_KEY_UIStatusBarStyle[sdk=iphonesimulator*]" = UIStatusBarStyleDefault;
				INFOPLIST_KEY_UISupportedInterfaceOrientations_iPad = "UIInterfaceOrientationPortrait UIInterfaceOrientationPortraitUpsideDown UIInterfaceOrientationLandscapeLeft UIInterfaceOrientationLandscapeRight";
				INFOPLIST_KEY_UISupportedInterfaceOrientations_iPhone = "UIInterfaceOrientationPortrait UIInterfaceOrientationLandscapeLeft UIInterfaceOrientationLandscapeRight";
				IPHONEOS_DEPLOYMENT_TARGET = 17.5;
				LD_RUNPATH_SEARCH_PATHS = "@executable_path/Frameworks";
				"LD_RUNPATH_SEARCH_PATHS[sdk=macosx*]" = "@executable_path/../Frameworks";
				MACOSX_DEPLOYMENT_TARGET = 14.5;
				MARKETING_VERSION = 1.0;
				PRODUCT_BUNDLE_IDENTIFIER = ian.castillo.StaggeredGridViewController;
				PRODUCT_NAME = "$(TARGET_NAME)";
				SDKROOT = auto;
				SUPPORTED_PLATFORMS = "iphoneos iphonesimulator macosx";
				SWIFT_EMIT_LOC_STRINGS = YES;
				SWIFT_VERSION = 5.0;
				TARGETED_DEVICE_FAMILY = "1,2";
			};
			name = Release;
		};
		489193332CADA78900CB3390 /* Debug */ = {
			isa = XCBuildConfiguration;
			buildSettings = {
				ALWAYS_EMBED_SWIFT_STANDARD_LIBRARIES = YES;
				BUNDLE_LOADER = "$(TEST_HOST)";
				CODE_SIGN_STYLE = Automatic;
				CURRENT_PROJECT_VERSION = 1;
				DEVELOPMENT_TEAM = J9Q8455K3C;
				GENERATE_INFOPLIST_FILE = YES;
				IPHONEOS_DEPLOYMENT_TARGET = 17.5;
				MACOSX_DEPLOYMENT_TARGET = 14.5;
				MARKETING_VERSION = 1.0;
				PRODUCT_BUNDLE_IDENTIFIER = ian.castillo.StaggeredGridViewControllerTests;
				PRODUCT_NAME = "$(TARGET_NAME)";
				SDKROOT = auto;
				SUPPORTED_PLATFORMS = "iphoneos iphonesimulator macosx";
				SWIFT_EMIT_LOC_STRINGS = NO;
				SWIFT_VERSION = 5.0;
				TARGETED_DEVICE_FAMILY = "1,2";
				TEST_HOST = "$(BUILT_PRODUCTS_DIR)/StaggeredGridViewController.app/$(BUNDLE_EXECUTABLE_FOLDER_PATH)/StaggeredGridViewController";
			};
			name = Debug;
		};
		489193342CADA78900CB3390 /* Release */ = {
			isa = XCBuildConfiguration;
			buildSettings = {
				ALWAYS_EMBED_SWIFT_STANDARD_LIBRARIES = YES;
				BUNDLE_LOADER = "$(TEST_HOST)";
				CODE_SIGN_STYLE = Automatic;
				CURRENT_PROJECT_VERSION = 1;
				DEVELOPMENT_TEAM = J9Q8455K3C;
				GENERATE_INFOPLIST_FILE = YES;
				IPHONEOS_DEPLOYMENT_TARGET = 17.5;
				MACOSX_DEPLOYMENT_TARGET = 14.5;
				MARKETING_VERSION = 1.0;
				PRODUCT_BUNDLE_IDENTIFIER = ian.castillo.StaggeredGridViewControllerTests;
				PRODUCT_NAME = "$(TARGET_NAME)";
				SDKROOT = auto;
				SUPPORTED_PLATFORMS = "iphoneos iphonesimulator macosx";
				SWIFT_EMIT_LOC_STRINGS = NO;
				SWIFT_VERSION = 5.0;
				TARGETED_DEVICE_FAMILY = "1,2";
				TEST_HOST = "$(BUILT_PRODUCTS_DIR)/StaggeredGridViewController.app/$(BUNDLE_EXECUTABLE_FOLDER_PATH)/StaggeredGridViewController";
			};
			name = Release;
		};
		489193362CADA78900CB3390 /* Debug */ = {
			isa = XCBuildConfiguration;
			buildSettings = {
				ALWAYS_EMBED_SWIFT_STANDARD_LIBRARIES = YES;
				CODE_SIGN_STYLE = Automatic;
				CURRENT_PROJECT_VERSION = 1;
				DEVELOPMENT_TEAM = J9Q8455K3C;
				GENERATE_INFOPLIST_FILE = YES;
				IPHONEOS_DEPLOYMENT_TARGET = 17.5;
				MACOSX_DEPLOYMENT_TARGET = 14.5;
				MARKETING_VERSION = 1.0;
				PRODUCT_BUNDLE_IDENTIFIER = ian.castillo.StaggeredGridViewControllerUITests;
				PRODUCT_NAME = "$(TARGET_NAME)";
				SDKROOT = auto;
				SUPPORTED_PLATFORMS = "iphoneos iphonesimulator macosx";
				SWIFT_EMIT_LOC_STRINGS = NO;
				SWIFT_VERSION = 5.0;
				TARGETED_DEVICE_FAMILY = "1,2";
				TEST_TARGET_NAME = StaggeredGridViewController;
			};
			name = Debug;
		};
		489193372CADA78900CB3390 /* Release */ = {
			isa = XCBuildConfiguration;
			buildSettings = {
				ALWAYS_EMBED_SWIFT_STANDARD_LIBRARIES = YES;
				CODE_SIGN_STYLE = Automatic;
				CURRENT_PROJECT_VERSION = 1;
				DEVELOPMENT_TEAM = J9Q8455K3C;
				GENERATE_INFOPLIST_FILE = YES;
				IPHONEOS_DEPLOYMENT_TARGET = 17.5;
				MACOSX_DEPLOYMENT_TARGET = 14.5;
				MARKETING_VERSION = 1.0;
				PRODUCT_BUNDLE_IDENTIFIER = ian.castillo.StaggeredGridViewControllerUITests;
				PRODUCT_NAME = "$(TARGET_NAME)";
				SDKROOT = auto;
				SUPPORTED_PLATFORMS = "iphoneos iphonesimulator macosx";
				SWIFT_EMIT_LOC_STRINGS = NO;
				SWIFT_VERSION = 5.0;
				TARGETED_DEVICE_FAMILY = "1,2";
				TEST_TARGET_NAME = StaggeredGridViewController;
			};
			name = Release;
		};
/* End XCBuildConfiguration section */

/* Begin XCConfigurationList section */
		489193052CADA78500CB3390 /* Build configuration list for PBXProject "StaggeredGridViewController" */ = {
			isa = XCConfigurationList;
			buildConfigurations = (
				4891932D2CADA78900CB3390 /* Debug */,
				4891932E2CADA78900CB3390 /* Release */,
			);
			defaultConfigurationIsVisible = 0;
			defaultConfigurationName = Release;
		};
		4891932F2CADA78900CB3390 /* Build configuration list for PBXNativeTarget "StaggeredGridViewController" */ = {
			isa = XCConfigurationList;
			buildConfigurations = (
				489193302CADA78900CB3390 /* Debug */,
				489193312CADA78900CB3390 /* Release */,
			);
			defaultConfigurationIsVisible = 0;
			defaultConfigurationName = Release;
		};
		489193322CADA78900CB3390 /* Build configuration list for PBXNativeTarget "StaggeredGridViewControllerTests" */ = {
			isa = XCConfigurationList;
			buildConfigurations = (
				489193332CADA78900CB3390 /* Debug */,
				489193342CADA78900CB3390 /* Release */,
			);
			defaultConfigurationIsVisible = 0;
			defaultConfigurationName = Release;
		};
		489193352CADA78900CB3390 /* Build configuration list for PBXNativeTarget "StaggeredGridViewControllerUITests" */ = {
			isa = XCConfigurationList;
			buildConfigurations = (
				489193362CADA78900CB3390 /* Debug */,
				489193372CADA78900CB3390 /* Release */,
			);
			defaultConfigurationIsVisible = 0;
			defaultConfigurationName = Release;
		};
/* End XCConfigurationList section */
	};
	rootObject = 489193022CADA78500CB3390 /* Project object */;
}
